
Microsoft Visual Studio Solution File, Format Version 12.00
# Visual Studio Version 17
VisualStudioVersion = 17.9.34728.123
MinimumVisualStudioVersion = 10.0.40219.1
Project("{FAE04EC0-301F-11D3-BF4B-00C04F79EFBC}") = "BankApp", "BankApp\BankApp.csproj", "{1CACA973-08B0-4508-AD6B-5198CEDAD50D}"
EndProject
Project("{FAE04EC0-301F-11D3-BF4B-00C04F79EFBC}") = "BankAppMSTest", "BankAppMSTest\BankAppMSTest.csproj", "{3ACEF21B-9365-468A-A3D2-32FCE42BCC2C}"
EndProject
Global
	GlobalSection(SolutionConfigurationPlatforms) = preSolution
		Debug|Any CPU = Debug|Any CPU
		Release|Any CPU = Release|Any CPU
	EndGlobalSection
	GlobalSection(ProjectConfigurationPlatforms) = postSolution
		{1CACA973-08B0-4508-AD6B-5198CEDAD50D}.Debug|Any CPU.ActiveCfg = Debug|Any CPU
		{1CACA973-08B0-4508-AD6B-5198CEDAD50D}.Debug|Any CPU.Build.0 = Debug|Any CPU
		{1CACA973-08B0-4508-AD6B-5198CEDAD50D}.Release|Any CPU.ActiveCfg = Release|Any CPU
		{1CACA973-08B0-4508-AD6B-5198CEDAD50D}.Release|Any CPU.Build.0 = Release|Any CPU
		{3ACEF21B-9365-468A-A3D2-32FCE42BCC2C}.Debug|Any CPU.ActiveCfg = Debug|Any CPU
		{3ACEF21B-9365-468A-A3D2-32FCE42BCC2C}.Debug|Any CPU.Build.0 = Debug|Any CPU
		{3ACEF21B-9365-468A-A3D2-32FCE42BCC2C}.Release|Any CPU.ActiveCfg = Release|Any CPU
		{3ACEF21B-9365-468A-A3D2-32FCE42BCC2C}.Release|Any CPU.Build.0 = Release|Any CPU
	EndGlobalSection
	GlobalSection(SolutionProperties) = preSolution
		HideSolutionNode = FALSE
	EndGlobalSection
	GlobalSection(ExtensibilityGlobals) = postSolution
		SolutionGuid = {4B096C90-5EA9-478B-85C3-9700C8B60B78}
	EndGlobalSection
EndGlobal
